// !$*UTF8*$!
{
	archiveVersion = 1;
	classes = {
	};
	objectVersion = 46;
	objects = {

/* Begin PBXBuildFile section */
		38745DA31C81A5AC00DCA821 /* SignalArchitecture.h in Headers */ = {isa = PBXBuildFile; fileRef = 38745DA21C81A5AC00DCA821 /* SignalArchitecture.h */; settings = {ATTRIBUTES = (Public, ); }; };
		38745DAA1C81A5AC00DCA821 /* SignalArchitecture.framework in Frameworks */ = {isa = PBXBuildFile; fileRef = 38745D9F1C81A5AC00DCA821 /* SignalArchitecture.framework */; };
		38745DBA1C81A69300DCA821 /* Queue.swift in Sources */ = {isa = PBXBuildFile; fileRef = 38745DB91C81A69300DCA821 /* Queue.swift */; };
		38745DBD1C81A6C100DCA821 /* QueueTests.swift in Sources */ = {isa = PBXBuildFile; fileRef = 38745DBC1C81A6C100DCA821 /* QueueTests.swift */; };
		38745DBF1C81AA3A00DCA821 /* Emitter+Signal.swift in Sources */ = {isa = PBXBuildFile; fileRef = 38745DBE1C81AA3A00DCA821 /* Emitter+Signal.swift */; };
		38745DC11C81AA5000DCA821 /* Emitter+SignalTests.swift in Sources */ = {isa = PBXBuildFile; fileRef = 38745DC01C81AA5000DCA821 /* Emitter+SignalTests.swift */; };
		38745DC31C81E60600DCA821 /* SignalComposition.swift in Sources */ = {isa = PBXBuildFile; fileRef = 38745DC21C81E60600DCA821 /* SignalComposition.swift */; };
		38745DC51C81E61A00DCA821 /* SignalCompositionTests.swift in Sources */ = {isa = PBXBuildFile; fileRef = 38745DC41C81E61A00DCA821 /* SignalCompositionTests.swift */; };
		38745DC81C82053800DCA821 /* LICENSE.md in Sources */ = {isa = PBXBuildFile; fileRef = 38745DC61C82053800DCA821 /* LICENSE.md */; };
		38745DC91C82053800DCA821 /* README.md in Sources */ = {isa = PBXBuildFile; fileRef = 38745DC71C82053800DCA821 /* README.md */; };
/* End PBXBuildFile section */

/* Begin PBXContainerItemProxy section */
		38745DAB1C81A5AC00DCA821 /* PBXContainerItemProxy */ = {
			isa = PBXContainerItemProxy;
			containerPortal = 38745D961C81A5AC00DCA821 /* Project object */;
			proxyType = 1;
			remoteGlobalIDString = 38745D9E1C81A5AC00DCA821;
			remoteInfo = SignalArchitecture;
		};
/* End PBXContainerItemProxy section */

/* Begin PBXFileReference section */
		38745D9F1C81A5AC00DCA821 /* SignalArchitecture.framework */ = {isa = PBXFileReference; explicitFileType = wrapper.framework; includeInIndex = 0; path = SignalArchitecture.framework; sourceTree = BUILT_PRODUCTS_DIR; };
		38745DA21C81A5AC00DCA821 /* SignalArchitecture.h */ = {isa = PBXFileReference; lastKnownFileType = sourcecode.c.h; path = SignalArchitecture.h; sourceTree = "<group>"; };
		38745DA41C81A5AC00DCA821 /* Info.plist */ = {isa = PBXFileReference; lastKnownFileType = text.plist.xml; path = Info.plist; sourceTree = "<group>"; };
		38745DA91C81A5AC00DCA821 /* SignalArchitectureTests.xctest */ = {isa = PBXFileReference; explicitFileType = wrapper.cfbundle; includeInIndex = 0; path = SignalArchitectureTests.xctest; sourceTree = BUILT_PRODUCTS_DIR; };
		38745DB01C81A5AC00DCA821 /* Info.plist */ = {isa = PBXFileReference; lastKnownFileType = text.plist.xml; path = Info.plist; sourceTree = "<group>"; };
		38745DB91C81A69300DCA821 /* Queue.swift */ = {isa = PBXFileReference; fileEncoding = 4; lastKnownFileType = sourcecode.swift; path = Queue.swift; sourceTree = "<group>"; };
		38745DBB1C81A6C000DCA821 /* SignalArchitectureTests-Bridging-Header.h */ = {isa = PBXFileReference; lastKnownFileType = sourcecode.c.h; path = "SignalArchitectureTests-Bridging-Header.h"; sourceTree = "<group>"; };
		38745DBC1C81A6C100DCA821 /* QueueTests.swift */ = {isa = PBXFileReference; fileEncoding = 4; lastKnownFileType = sourcecode.swift; path = QueueTests.swift; sourceTree = "<group>"; };
		38745DBE1C81AA3A00DCA821 /* Emitter+Signal.swift */ = {isa = PBXFileReference; fileEncoding = 4; lastKnownFileType = sourcecode.swift; path = "Emitter+Signal.swift"; sourceTree = "<group>"; };
		38745DC01C81AA5000DCA821 /* Emitter+SignalTests.swift */ = {isa = PBXFileReference; fileEncoding = 4; lastKnownFileType = sourcecode.swift; path = "Emitter+SignalTests.swift"; sourceTree = "<group>"; };
		38745DC21C81E60600DCA821 /* SignalComposition.swift */ = {isa = PBXFileReference; fileEncoding = 4; lastKnownFileType = sourcecode.swift; path = SignalComposition.swift; sourceTree = "<group>"; };
		38745DC41C81E61A00DCA821 /* SignalCompositionTests.swift */ = {isa = PBXFileReference; fileEncoding = 4; lastKnownFileType = sourcecode.swift; path = SignalCompositionTests.swift; sourceTree = "<group>"; };
		38745DC61C82053800DCA821 /* LICENSE.md */ = {isa = PBXFileReference; fileEncoding = 4; lastKnownFileType = net.daringfireball.markdown; path = LICENSE.md; sourceTree = SOURCE_ROOT; };
		38745DC71C82053800DCA821 /* README.md */ = {isa = PBXFileReference; fileEncoding = 4; lastKnownFileType = net.daringfireball.markdown; path = README.md; sourceTree = SOURCE_ROOT; };
/* End PBXFileReference section */

/* Begin PBXFrameworksBuildPhase section */
		38745D9B1C81A5AC00DCA821 /* Frameworks */ = {
			isa = PBXFrameworksBuildPhase;
			buildActionMask = 2147483647;
			files = (
			);
			runOnlyForDeploymentPostprocessing = 0;
		};
		38745DA61C81A5AC00DCA821 /* Frameworks */ = {
			isa = PBXFrameworksBuildPhase;
			buildActionMask = 2147483647;
			files = (
				38745DAA1C81A5AC00DCA821 /* SignalArchitecture.framework in Frameworks */,
			);
			runOnlyForDeploymentPostprocessing = 0;
		};
/* End PBXFrameworksBuildPhase section */

/* Begin PBXGroup section */
		38745D951C81A5AC00DCA821 = {
			isa = PBXGroup;
			children = (
				38745DA11C81A5AC00DCA821 /* SignalArchitecture */,
				38745DAD1C81A5AC00DCA821 /* SignalArchitectureTests */,
				38745DA01C81A5AC00DCA821 /* Products */,
			);
			sourceTree = "<group>";
		};
		38745DA01C81A5AC00DCA821 /* Products */ = {
			isa = PBXGroup;
			children = (
				38745D9F1C81A5AC00DCA821 /* SignalArchitecture.framework */,
				38745DA91C81A5AC00DCA821 /* SignalArchitectureTests.xctest */,
			);
			name = Products;
			sourceTree = "<group>";
		};
		38745DA11C81A5AC00DCA821 /* SignalArchitecture */ = {
			isa = PBXGroup;
			children = (
				38745DC61C82053800DCA821 /* LICENSE.md */,
				38745DC71C82053800DCA821 /* README.md */,
				38745DA21C81A5AC00DCA821 /* SignalArchitecture.h */,
				38745DA41C81A5AC00DCA821 /* Info.plist */,
				38745DB91C81A69300DCA821 /* Queue.swift */,
				38745DBE1C81AA3A00DCA821 /* Emitter+Signal.swift */,
				38745DC21C81E60600DCA821 /* SignalComposition.swift */,
			);
			path = SignalArchitecture;
			sourceTree = "<group>";
		};
		38745DAD1C81A5AC00DCA821 /* SignalArchitectureTests */ = {
			isa = PBXGroup;
			children = (
				38745DB01C81A5AC00DCA821 /* Info.plist */,
				38745DBC1C81A6C100DCA821 /* QueueTests.swift */,
				38745DBB1C81A6C000DCA821 /* SignalArchitectureTests-Bridging-Header.h */,
				38745DC01C81AA5000DCA821 /* Emitter+SignalTests.swift */,
				38745DC41C81E61A00DCA821 /* SignalCompositionTests.swift */,
			);
			path = SignalArchitectureTests;
			sourceTree = "<group>";
		};
/* End PBXGroup section */

/* Begin PBXHeadersBuildPhase section */
		38745D9C1C81A5AC00DCA821 /* Headers */ = {
			isa = PBXHeadersBuildPhase;
			buildActionMask = 2147483647;
			files = (
				38745DA31C81A5AC00DCA821 /* SignalArchitecture.h in Headers */,
			);
			runOnlyForDeploymentPostprocessing = 0;
		};
/* End PBXHeadersBuildPhase section */

/* Begin PBXNativeTarget section */
		38745D9E1C81A5AC00DCA821 /* SignalArchitecture */ = {
			isa = PBXNativeTarget;
			buildConfigurationList = 38745DB31C81A5AC00DCA821 /* Build configuration list for PBXNativeTarget "SignalArchitecture" */;
			buildPhases = (
				38745D9A1C81A5AC00DCA821 /* Sources */,
				38745D9B1C81A5AC00DCA821 /* Frameworks */,
				38745D9C1C81A5AC00DCA821 /* Headers */,
				38745D9D1C81A5AC00DCA821 /* Resources */,
			);
			buildRules = (
			);
			dependencies = (
			);
			name = SignalArchitecture;
			productName = SignalArchitecture;
			productReference = 38745D9F1C81A5AC00DCA821 /* SignalArchitecture.framework */;
			productType = "com.apple.product-type.framework";
		};
		38745DA81C81A5AC00DCA821 /* SignalArchitectureTests */ = {
			isa = PBXNativeTarget;
			buildConfigurationList = 38745DB61C81A5AC00DCA821 /* Build configuration list for PBXNativeTarget "SignalArchitectureTests" */;
			buildPhases = (
				38745DA51C81A5AC00DCA821 /* Sources */,
				38745DA61C81A5AC00DCA821 /* Frameworks */,
				38745DA71C81A5AC00DCA821 /* Resources */,
			);
			buildRules = (
			);
			dependencies = (
				38745DAC1C81A5AC00DCA821 /* PBXTargetDependency */,
			);
			name = SignalArchitectureTests;
			productName = SignalArchitectureTests;
			productReference = 38745DA91C81A5AC00DCA821 /* SignalArchitectureTests.xctest */;
			productType = "com.apple.product-type.bundle.unit-test";
		};
/* End PBXNativeTarget section */

/* Begin PBXProject section */
		38745D961C81A5AC00DCA821 /* Project object */ = {
			isa = PBXProject;
			attributes = {
				LastSwiftUpdateCheck = 0720;
				LastUpgradeCheck = 0720;
				ORGANIZATIONNAME = Facile.it;
				TargetAttributes = {
					38745D9E1C81A5AC00DCA821 = {
						CreatedOnToolsVersion = 7.2.1;
					};
					38745DA81C81A5AC00DCA821 = {
						CreatedOnToolsVersion = 7.2.1;
					};
				};
			};
			buildConfigurationList = 38745D991C81A5AC00DCA821 /* Build configuration list for PBXProject "SignalArchitecture" */;
			compatibilityVersion = "Xcode 3.2";
			developmentRegion = English;
			hasScannedForEncodings = 0;
			knownRegions = (
				en,
			);
			mainGroup = 38745D951C81A5AC00DCA821;
			productRefGroup = 38745DA01C81A5AC00DCA821 /* Products */;
			projectDirPath = "";
			projectRoot = "";
			targets = (
				38745D9E1C81A5AC00DCA821 /* SignalArchitecture */,
				38745DA81C81A5AC00DCA821 /* SignalArchitectureTests */,
			);
		};
/* End PBXProject section */

/* Begin PBXResourcesBuildPhase section */
		38745D9D1C81A5AC00DCA821 /* Resources */ = {
			isa = PBXResourcesBuildPhase;
			buildActionMask = 2147483647;
			files = (
			);
			runOnlyForDeploymentPostprocessing = 0;
		};
		38745DA71C81A5AC00DCA821 /* Resources */ = {
			isa = PBXResourcesBuildPhase;
			buildActionMask = 2147483647;
			files = (
			);
			runOnlyForDeploymentPostprocessing = 0;
		};
/* End PBXResourcesBuildPhase section */

/* Begin PBXSourcesBuildPhase section */
		38745D9A1C81A5AC00DCA821 /* Sources */ = {
			isa = PBXSourcesBuildPhase;
			buildActionMask = 2147483647;
			files = (
				38745DC81C82053800DCA821 /* LICENSE.md in Sources */,
				38745DC31C81E60600DCA821 /* SignalComposition.swift in Sources */,
				38745DC91C82053800DCA821 /* README.md in Sources */,
				38745DBF1C81AA3A00DCA821 /* Emitter+Signal.swift in Sources */,
				38745DBA1C81A69300DCA821 /* Queue.swift in Sources */,
			);
			runOnlyForDeploymentPostprocessing = 0;
		};
		38745DA51C81A5AC00DCA821 /* Sources */ = {
			isa = PBXSourcesBuildPhase;
			buildActionMask = 2147483647;
			files = (
				38745DC11C81AA5000DCA821 /* Emitter+SignalTests.swift in Sources */,
				38745DBD1C81A6C100DCA821 /* QueueTests.swift in Sources */,
				38745DC51C81E61A00DCA821 /* SignalCompositionTests.swift in Sources */,
			);
			runOnlyForDeploymentPostprocessing = 0;
		};
/* End PBXSourcesBuildPhase section */

/* Begin PBXTargetDependency section */
		38745DAC1C81A5AC00DCA821 /* PBXTargetDependency */ = {
			isa = PBXTargetDependency;
			target = 38745D9E1C81A5AC00DCA821 /* SignalArchitecture */;
			targetProxy = 38745DAB1C81A5AC00DCA821 /* PBXContainerItemProxy */;
		};
/* End PBXTargetDependency section */

/* Begin XCBuildConfiguration section */
		38745DB11C81A5AC00DCA821 /* Debug */ = {
			isa = XCBuildConfiguration;
			buildSettings = {
				ALWAYS_SEARCH_USER_PATHS = NO;
				CLANG_CXX_LANGUAGE_STANDARD = "gnu++0x";
				CLANG_CXX_LIBRARY = "libc++";
				CLANG_ENABLE_MODULES = YES;
				CLANG_ENABLE_OBJC_ARC = YES;
				CLANG_WARN_BOOL_CONVERSION = YES;
				CLANG_WARN_CONSTANT_CONVERSION = YES;
				CLANG_WARN_DIRECT_OBJC_ISA_USAGE = YES_ERROR;
				CLANG_WARN_EMPTY_BODY = YES;
				CLANG_WARN_ENUM_CONVERSION = YES;
				CLANG_WARN_INT_CONVERSION = YES;
				CLANG_WARN_OBJC_ROOT_CLASS = YES_ERROR;
				CLANG_WARN_UNREACHABLE_CODE = YES;
				CLANG_WARN__DUPLICATE_METHOD_MATCH = YES;
				"CODE_SIGN_IDENTITY[sdk=iphoneos*]" = "iPhone Developer";
				COPY_PHASE_STRIP = NO;
				CURRENT_PROJECT_VERSION = 1;
				DEBUG_INFORMATION_FORMAT = dwarf;
				ENABLE_STRICT_OBJC_MSGSEND = YES;
				ENABLE_TESTABILITY = YES;
				GCC_C_LANGUAGE_STANDARD = gnu99;
				GCC_DYNAMIC_NO_PIC = NO;
				GCC_NO_COMMON_BLOCKS = YES;
				GCC_OPTIMIZATION_LEVEL = 0;
				GCC_PREPROCESSOR_DEFINITIONS = (
					"DEBUG=1",
					"$(inherited)",
				);
				GCC_WARN_64_TO_32_BIT_CONVERSION = YES;
				GCC_WARN_ABOUT_RETURN_TYPE = YES_ERROR;
				GCC_WARN_UNDECLARED_SELECTOR = YES;
				GCC_WARN_UNINITIALIZED_AUTOS = YES_AGGRESSIVE;
				GCC_WARN_UNUSED_FUNCTION = YES;
				GCC_WARN_UNUSED_VARIABLE = YES;
				IPHONEOS_DEPLOYMENT_TARGET = 9.2;
				MTL_ENABLE_DEBUG_INFO = YES;
				ONLY_ACTIVE_ARCH = YES;
				SDKROOT = iphoneos;
				SWIFT_OPTIMIZATION_LEVEL = "-Onone";
				TARGETED_DEVICE_FAMILY = "1,2";
				VERSIONING_SYSTEM = "apple-generic";
				VERSION_INFO_PREFIX = "";
			};
			name = Debug;
		};
		38745DB21C81A5AC00DCA821 /* Release */ = {
			isa = XCBuildConfiguration;
			buildSettings = {
				ALWAYS_SEARCH_USER_PATHS = NO;
				CLANG_CXX_LANGUAGE_STANDARD = "gnu++0x";
				CLANG_CXX_LIBRARY = "libc++";
				CLANG_ENABLE_MODULES = YES;
				CLANG_ENABLE_OBJC_ARC = YES;
				CLANG_WARN_BOOL_CONVERSION = YES;
				CLANG_WARN_CONSTANT_CONVERSION = YES;
				CLANG_WARN_DIRECT_OBJC_ISA_USAGE = YES_ERROR;
				CLANG_WARN_EMPTY_BODY = YES;
				CLANG_WARN_ENUM_CONVERSION = YES;
				CLANG_WARN_INT_CONVERSION = YES;
				CLANG_WARN_OBJC_ROOT_CLASS = YES_ERROR;
				CLANG_WARN_UNREACHABLE_CODE = YES;
				CLANG_WARN__DUPLICATE_METHOD_MATCH = YES;
				"CODE_SIGN_IDENTITY[sdk=iphoneos*]" = "iPhone Developer";
				COPY_PHASE_STRIP = NO;
				CURRENT_PROJECT_VERSION = 1;
				DEBUG_INFORMATION_FORMAT = "dwarf-with-dsym";
				ENABLE_NS_ASSERTIONS = NO;
				ENABLE_STRICT_OBJC_MSGSEND = YES;
				GCC_C_LANGUAGE_STANDARD = gnu99;
				GCC_NO_COMMON_BLOCKS = YES;
				GCC_WARN_64_TO_32_BIT_CONVERSION = YES;
				GCC_WARN_ABOUT_RETURN_TYPE = YES_ERROR;
				GCC_WARN_UNDECLARED_SELECTOR = YES;
				GCC_WARN_UNINITIALIZED_AUTOS = YES_AGGRESSIVE;
				GCC_WARN_UNUSED_FUNCTION = YES;
				GCC_WARN_UNUSED_VARIABLE = YES;
				IPHONEOS_DEPLOYMENT_TARGET = 9.2;
				MTL_ENABLE_DEBUG_INFO = NO;
				SDKROOT = iphoneos;
				TARGETED_DEVICE_FAMILY = "1,2";
				VALIDATE_PRODUCT = YES;
				VERSIONING_SYSTEM = "apple-generic";
				VERSION_INFO_PREFIX = "";
			};
			name = Release;
		};
		38745DB41C81A5AC00DCA821 /* Debug */ = {
			isa = XCBuildConfiguration;
			buildSettings = {
				CLANG_ENABLE_MODULES = YES;
				DEFINES_MODULE = YES;
				DYLIB_COMPATIBILITY_VERSION = 1;
				DYLIB_CURRENT_VERSION = 1;
				DYLIB_INSTALL_NAME_BASE = "@rpath";
				INFOPLIST_FILE = SignalArchitecture/Info.plist;
				INSTALL_PATH = "$(LOCAL_LIBRARY_DIR)/Frameworks";
				LD_RUNPATH_SEARCH_PATHS = "$(inherited) @executable_path/Frameworks @loader_path/Frameworks";
				PRODUCT_BUNDLE_IDENTIFIER = it.facile.SignalArchitecture;
				PRODUCT_NAME = "$(TARGET_NAME)";
				SKIP_INSTALL = YES;
				SWIFT_OPTIMIZATION_LEVEL = "-Onone";
			};
			name = Debug;
		};
		38745DB51C81A5AC00DCA821 /* Release */ = {
			isa = XCBuildConfiguration;
			buildSettings = {
				CLANG_ENABLE_MODULES = YES;
				DEFINES_MODULE = YES;
				DYLIB_COMPATIBILITY_VERSION = 1;
				DYLIB_CURRENT_VERSION = 1;
				DYLIB_INSTALL_NAME_BASE = "@rpath";
				INFOPLIST_FILE = SignalArchitecture/Info.plist;
				INSTALL_PATH = "$(LOCAL_LIBRARY_DIR)/Frameworks";
				LD_RUNPATH_SEARCH_PATHS = "$(inherited) @executable_path/Frameworks @loader_path/Frameworks";
				PRODUCT_BUNDLE_IDENTIFIER = it.facile.SignalArchitecture;
				PRODUCT_NAME = "$(TARGET_NAME)";
				SKIP_INSTALL = YES;
			};
			name = Release;
		};
		38745DB71C81A5AC00DCA821 /* Debug */ = {
			isa = XCBuildConfiguration;
			buildSettings = {
				CLANG_ENABLE_MODULES = YES;
				INFOPLIST_FILE = SignalArchitectureTests/Info.plist;
				LD_RUNPATH_SEARCH_PATHS = "$(inherited) @executable_path/Frameworks @loader_path/Frameworks";
				PRODUCT_BUNDLE_IDENTIFIER = it.facile.SignalArchitectureTests;
				PRODUCT_NAME = "$(TARGET_NAME)";
				SWIFT_OBJC_BRIDGING_HEADER = "SignalArchitectureTests/SignalArchitectureTests-Bridging-Header.h";
				SWIFT_OPTIMIZATION_LEVEL = "-Onone";
			};
			name = Debug;
		};
		38745DB81C81A5AC00DCA821 /* Release */ = {
			isa = XCBuildConfiguration;
			buildSettings = {
				CLANG_ENABLE_MODULES = YES;
				INFOPLIST_FILE = SignalArchitectureTests/Info.plist;
				LD_RUNPATH_SEARCH_PATHS = "$(inherited) @executable_path/Frameworks @loader_path/Frameworks";
				PRODUCT_BUNDLE_IDENTIFIER = it.facile.SignalArchitectureTests;
				PRODUCT_NAME = "$(TARGET_NAME)";
				SWIFT_OBJC_BRIDGING_HEADER = "SignalArchitectureTests/SignalArchitectureTests-Bridging-Header.h";
			};
			name = Release;
		};
/* End XCBuildConfiguration section */

/* Begin XCConfigurationList section */
		38745D991C81A5AC00DCA821 /* Build configuration list for PBXProject "SignalArchitecture" */ = {
			isa = XCConfigurationList;
			buildConfigurations = (
				38745DB11C81A5AC00DCA821 /* Debug */,
				38745DB21C81A5AC00DCA821 /* Release */,
			);
			defaultConfigurationIsVisible = 0;
			defaultConfigurationName = Release;
		};
		38745DB31C81A5AC00DCA821 /* Build configuration list for PBXNativeTarget "SignalArchitecture" */ = {
			isa = XCConfigurationList;
			buildConfigurations = (
				38745DB41C81A5AC00DCA821 /* Debug */,
				38745DB51C81A5AC00DCA821 /* Release */,
			);
			defaultConfigurationIsVisible = 0;
		};
		38745DB61C81A5AC00DCA821 /* Build configuration list for PBXNativeTarget "SignalArchitectureTests" */ = {
			isa = XCConfigurationList;
			buildConfigurations = (
				38745DB71C81A5AC00DCA821 /* Debug */,
				38745DB81C81A5AC00DCA821 /* Release */,
			);
			defaultConfigurationIsVisible = 0;
		};
/* End XCConfigurationList section */
	};
	rootObject = 38745D961C81A5AC00DCA821 /* Project object */;
}
